
Microsoft Visual Studio Solution File, Format Version 12.00
# Visual Studio Version 17
VisualStudioVersion = 17.4.33205.214
MinimumVisualStudioVersion = 10.0.40219.1
Project("{888888A0-9F3D-457C-B088-3A5042F75D52}") = "Min_sem", "Min_sem\Min_sem.pyproj", "{E2EBCD2E-F05E-4925-A56E-973DD9E9C5FC}"
EndProject
Global
	GlobalSection(SolutionConfigurationPlatforms) = preSolution
		Debug|Any CPU = Debug|Any CPU
		Release|Any CPU = Release|Any CPU
	EndGlobalSection
	GlobalSection(ProjectConfigurationPlatforms) = postSolution
		{E2EBCD2E-F05E-4925-A56E-973DD9E9C5FC}.Debug|Any CPU.ActiveCfg = Debug|Any CPU
		{E2EBCD2E-F05E-4925-A56E-973DD9E9C5FC}.Release|Any CPU.ActiveCfg = Release|Any CPU
	EndGlobalSection
	GlobalSection(SolutionProperties) = preSolution
		HideSolutionNode = FALSE
	EndGlobalSection
	GlobalSection(ExtensibilityGlobals) = postSolution
		SolutionGuid = {C37D714D-6DA2-4ED9-A7E8-569807807DEE}
	EndGlobalSection
EndGlobal
